---
- id: 162ba435-f77a-4753-9ce9-9accd7ce949a
  alias: Misc - Alarm Clock
  trigger:
    - platform: state
      entity_id: binary_sensor.next_alarm
      to: 'on'
  condition:
    - condition: state
      entity_id: binary_sensor.workday_sensor
      state: 'on'
  action:
    - service: scene.turn_on
      entity_id: scene.morning_lights
